
Microsoft Visual Studio Solution File, Format Version 12.00
# Visual Studio Version 16
VisualStudioVersion = 16.0.28922.388
MinimumVisualStudioVersion = 10.0.40219.1
Project("{FAE04EC0-301F-11D3-BF4B-00C04F79EFBC}") = "ClimateControll", "ClimateControll\ClimateControll.csproj", "{4808747C-FBBE-418F-A11D-3D91B102575E}"
EndProject
Global
	GlobalSection(SolutionConfigurationPlatforms) = preSolution
		Debug|Any CPU = Debug|Any CPU
		Release|Any CPU = Release|Any CPU
	EndGlobalSection
	GlobalSection(ProjectConfigurationPlatforms) = postSolution
		{4808747C-FBBE-418F-A11D-3D91B102575E}.Debug|Any CPU.ActiveCfg = Debug|Any CPU
		{4808747C-FBBE-418F-A11D-3D91B102575E}.Debug|Any CPU.Build.0 = Debug|Any CPU
		{4808747C-FBBE-418F-A11D-3D91B102575E}.Release|Any CPU.ActiveCfg = Release|Any CPU
		{4808747C-FBBE-418F-A11D-3D91B102575E}.Release|Any CPU.Build.0 = Release|Any CPU
	EndGlobalSection
	GlobalSection(SolutionProperties) = preSolution
		HideSolutionNode = FALSE
	EndGlobalSection
	GlobalSection(ExtensibilityGlobals) = postSolution
		SolutionGuid = {1C8CDA68-26CA-4629-A8AA-11D06216CC8C}
	EndGlobalSection
EndGlobal
