
Microsoft Visual Studio Solution File, Format Version 12.00
# Visual Studio Version 16
VisualStudioVersion = 16.0.29318.209
MinimumVisualStudioVersion = 10.0.40219.1
Project("{FAE04EC0-301F-11D3-BF4B-00C04F79EFBC}") = "WindowsFormsApp3", "WindowsFormsApp3\WindowsFormsApp3.csproj", "{D89D4A03-992E-4E4E-A937-94F06BB5B56E}"
EndProject
Global
	GlobalSection(SolutionConfigurationPlatforms) = preSolution
		Debug|Any CPU = Debug|Any CPU
		Release|Any CPU = Release|Any CPU
	EndGlobalSection
	GlobalSection(ProjectConfigurationPlatforms) = postSolution
		{D89D4A03-992E-4E4E-A937-94F06BB5B56E}.Debug|Any CPU.ActiveCfg = Debug|Any CPU
		{D89D4A03-992E-4E4E-A937-94F06BB5B56E}.Debug|Any CPU.Build.0 = Debug|Any CPU
		{D89D4A03-992E-4E4E-A937-94F06BB5B56E}.Release|Any CPU.ActiveCfg = Release|Any CPU
		{D89D4A03-992E-4E4E-A937-94F06BB5B56E}.Release|Any CPU.Build.0 = Release|Any CPU
	EndGlobalSection
	GlobalSection(SolutionProperties) = preSolution
		HideSolutionNode = FALSE
	EndGlobalSection
	GlobalSection(ExtensibilityGlobals) = postSolution
		SolutionGuid = {BBFDF021-31DF-42DF-8144-E5D71F40BF8C}
	EndGlobalSection
EndGlobal
